
Microsoft Visual Studio Solution File, Format Version 12.00
# Visual Studio 15
VisualStudioVersion = 15.0.28010.2036
MinimumVisualStudioVersion = 10.0.40219.1
Project("{FAE04EC0-301F-11D3-BF4B-00C04F79EFBC}") = "7_1", "7_1\7_1.csproj", "{02208509-7D9C-4102-B902-245EF737F8FA}"
EndProject
Project("{FAE04EC0-301F-11D3-BF4B-00C04F79EFBC}") = "7_2", "7_2\7_2.csproj", "{C5EEB2F9-CF1C-4DAA-9034-64B9DB5BF016}"
EndProject
Project("{FAE04EC0-301F-11D3-BF4B-00C04F79EFBC}") = "7.3", "7.3\7.3.csproj", "{775B70F1-93B8-4660-A8E9-54441742B800}"
EndProject
Project("{FAE04EC0-301F-11D3-BF4B-00C04F79EFBC}") = "7_4", "7_4\7_4.csproj", "{E3A30502-2A4F-43AB-89FE-2466611FBD89}"
EndProject
Project("{FAE04EC0-301F-11D3-BF4B-00C04F79EFBC}") = "7_5", "7_5\7_5.csproj", "{2558EE26-8BFB-440E-8ACC-6DF425891F1F}"
EndProject
Project("{FAE04EC0-301F-11D3-BF4B-00C04F79EFBC}") = "7_6", "7_6\7_6.csproj", "{CDFFCB4E-D063-4E74-91E9-D7A618452F28}"
EndProject
Project("{FAE04EC0-301F-11D3-BF4B-00C04F79EFBC}") = "8_1", "8_1\8_1.csproj", "{7AB54279-DBFC-4A2C-8D9C-7B6906AC8F22}"
EndProject
Project("{FAE04EC0-301F-11D3-BF4B-00C04F79EFBC}") = "8_2", "8_2\8_2.csproj", "{DAAD2D38-D260-412A-BD43-1CD75F28805B}"
EndProject
Project("{FAE04EC0-301F-11D3-BF4B-00C04F79EFBC}") = "8_3", "8_3\8_3.csproj", "{8707170D-2D2C-481A-B49C-36FEF4C08BFB}"
EndProject
Project("{FAE04EC0-301F-11D3-BF4B-00C04F79EFBC}") = "8_4", "8_4\8_4.csproj", "{7831BDAA-B1AB-4A0B-B4DC-BD4609FFE5B6}"
EndProject
Project("{FAE04EC0-301F-11D3-BF4B-00C04F79EFBC}") = "9_1", "9_1\9_1.csproj", "{CCA3273F-9BA1-4B3D-8C58-0CB8487BFFBD}"
EndProject
Project("{FAE04EC0-301F-11D3-BF4B-00C04F79EFBC}") = "9_2", "9_2\9_2.csproj", "{31B0A4E9-0124-4D45-836A-1D8904F700EB}"
EndProject
Project("{FAE04EC0-301F-11D3-BF4B-00C04F79EFBC}") = "9.5", "9.5\9.5.csproj", "{4F2ED315-86E6-4581-A2DA-912366FBE9F2}"
EndProject
Project("{FAE04EC0-301F-11D3-BF4B-00C04F79EFBC}") = "10_1", "10_1\10_1.csproj", "{9899F714-6DFE-4BE2-9CE4-80B5C64F5025}"
EndProject
Project("{FAE04EC0-301F-11D3-BF4B-00C04F79EFBC}") = "10_3", "10_3\10_3.csproj", "{5FF05BC9-8234-4D2A-9D64-C0F3CA82DEC1}"
EndProject
Project("{FAE04EC0-301F-11D3-BF4B-00C04F79EFBC}") = "10_4", "10_4\10_4.csproj", "{44C1BF4A-DFC2-471D-8141-A1512D00BE65}"
EndProject
Project("{FAE04EC0-301F-11D3-BF4B-00C04F79EFBC}") = "10_5_1", "10_5_1\10_5_1.csproj", "{0650D711-ACA3-4BE9-87CC-9A5722C94CC5}"
EndProject
Project("{FAE04EC0-301F-11D3-BF4B-00C04F79EFBC}") = "10_5_2", "10_5_2\10_5_2.csproj", "{34FBF4A1-D891-42D6-9181-9AE5182ADDCC}"
EndProject
Project("{FAE04EC0-301F-11D3-BF4B-00C04F79EFBC}") = "10_5_3", "10_5_3\10_5_3.csproj", "{BB5EEBDC-2322-45E9-B65B-CA64CCC2DD9F}"
EndProject
Project("{FAE04EC0-301F-11D3-BF4B-00C04F79EFBC}") = "10_6", "10_6\10_6.csproj", "{8A7E0952-E064-42AA-A9D4-2D2450AC6110}"
EndProject
Project("{FAE04EC0-301F-11D3-BF4B-00C04F79EFBC}") = "12_1", "12_1\12_1.csproj", "{A1B2C07F-08D4-4A85-9310-2DB8A8C349FB}"
EndProject
Project("{FAE04EC0-301F-11D3-BF4B-00C04F79EFBC}") = "12_2", "12_2\12_2.csproj", "{743F866B-3476-4686-9572-BF91B0E87604}"
EndProject
Project("{FAE04EC0-301F-11D3-BF4B-00C04F79EFBC}") = "12_3", "12_3\12_3.csproj", "{47EFA75A-2332-467B-9704-036B32189EB0}"
EndProject
Project("{FAE04EC0-301F-11D3-BF4B-00C04F79EFBC}") = "12_4", "12_4\12_4.csproj", "{8B4D8913-315E-4319-AD15-44213C561138}"
EndProject
Project("{FAE04EC0-301F-11D3-BF4B-00C04F79EFBC}") = "13_1", "13_1\13_1.csproj", "{3B4ADC07-0CA3-4AE1-9B5F-5E3A31B59059}"
EndProject
Project("{FAE04EC0-301F-11D3-BF4B-00C04F79EFBC}") = "13_3", "13_3\13_3.csproj", "{58A64BD2-8296-4CB5-B83A-388D131CA9A3}"
EndProject
Project("{FAE04EC0-301F-11D3-BF4B-00C04F79EFBC}") = "14_1", "14_1\14_1.csproj", "{FAF4C297-E535-4BE9-8DD4-38FF36F9B464}"
EndProject
Project("{FAE04EC0-301F-11D3-BF4B-00C04F79EFBC}") = "14_2", "14_2\14_2.csproj", "{5C4DDE6D-3184-4231-B16D-CD9DBF510E11}"
EndProject
Project("{FAE04EC0-301F-11D3-BF4B-00C04F79EFBC}") = "14_5", "14_5\14_5.csproj", "{0FD5CDC2-410B-46B5-B9D1-90121D3819A1}"
EndProject
Project("{FAE04EC0-301F-11D3-BF4B-00C04F79EFBC}") = "16_1", "16_1\16_1.csproj", "{BFFDFF5F-4924-49FB-9AFE-0C58DED97B5A}"
EndProject
Project("{FAE04EC0-301F-11D3-BF4B-00C04F79EFBC}") = "16_3", "16_3\16_3.csproj", "{C0716ADD-5C4D-46AE-ADD3-39B3A7DE8570}"
EndProject
Project("{FAE04EC0-301F-11D3-BF4B-00C04F79EFBC}") = "16_5", "16_5\16_5.csproj", "{11BED391-45B6-4DF0-8816-C849D2954A74}"
EndProject
Global
	GlobalSection(SolutionConfigurationPlatforms) = preSolution
		Debug|Any CPU = Debug|Any CPU
		Release|Any CPU = Release|Any CPU
	EndGlobalSection
	GlobalSection(ProjectConfigurationPlatforms) = postSolution
		{02208509-7D9C-4102-B902-245EF737F8FA}.Debug|Any CPU.ActiveCfg = Debug|Any CPU
		{02208509-7D9C-4102-B902-245EF737F8FA}.Debug|Any CPU.Build.0 = Debug|Any CPU
		{02208509-7D9C-4102-B902-245EF737F8FA}.Release|Any CPU.ActiveCfg = Release|Any CPU
		{02208509-7D9C-4102-B902-245EF737F8FA}.Release|Any CPU.Build.0 = Release|Any CPU
		{C5EEB2F9-CF1C-4DAA-9034-64B9DB5BF016}.Debug|Any CPU.ActiveCfg = Debug|Any CPU
		{C5EEB2F9-CF1C-4DAA-9034-64B9DB5BF016}.Debug|Any CPU.Build.0 = Debug|Any CPU
		{C5EEB2F9-CF1C-4DAA-9034-64B9DB5BF016}.Release|Any CPU.ActiveCfg = Release|Any CPU
		{C5EEB2F9-CF1C-4DAA-9034-64B9DB5BF016}.Release|Any CPU.Build.0 = Release|Any CPU
		{775B70F1-93B8-4660-A8E9-54441742B800}.Debug|Any CPU.ActiveCfg = Debug|Any CPU
		{775B70F1-93B8-4660-A8E9-54441742B800}.Debug|Any CPU.Build.0 = Debug|Any CPU
		{775B70F1-93B8-4660-A8E9-54441742B800}.Release|Any CPU.ActiveCfg = Release|Any CPU
		{775B70F1-93B8-4660-A8E9-54441742B800}.Release|Any CPU.Build.0 = Release|Any CPU
		{E3A30502-2A4F-43AB-89FE-2466611FBD89}.Debug|Any CPU.ActiveCfg = Debug|Any CPU
		{E3A30502-2A4F-43AB-89FE-2466611FBD89}.Debug|Any CPU.Build.0 = Debug|Any CPU
		{E3A30502-2A4F-43AB-89FE-2466611FBD89}.Release|Any CPU.ActiveCfg = Release|Any CPU
		{E3A30502-2A4F-43AB-89FE-2466611FBD89}.Release|Any CPU.Build.0 = Release|Any CPU
		{2558EE26-8BFB-440E-8ACC-6DF425891F1F}.Debug|Any CPU.ActiveCfg = Debug|Any CPU
		{2558EE26-8BFB-440E-8ACC-6DF425891F1F}.Debug|Any CPU.Build.0 = Debug|Any CPU
		{2558EE26-8BFB-440E-8ACC-6DF425891F1F}.Release|Any CPU.ActiveCfg = Release|Any CPU
		{2558EE26-8BFB-440E-8ACC-6DF425891F1F}.Release|Any CPU.Build.0 = Release|Any CPU
		{CDFFCB4E-D063-4E74-91E9-D7A618452F28}.Debug|Any CPU.ActiveCfg = Debug|Any CPU
		{CDFFCB4E-D063-4E74-91E9-D7A618452F28}.Debug|Any CPU.Build.0 = Debug|Any CPU
		{CDFFCB4E-D063-4E74-91E9-D7A618452F28}.Release|Any CPU.ActiveCfg = Release|Any CPU
		{CDFFCB4E-D063-4E74-91E9-D7A618452F28}.Release|Any CPU.Build.0 = Release|Any CPU
		{7AB54279-DBFC-4A2C-8D9C-7B6906AC8F22}.Debug|Any CPU.ActiveCfg = Debug|Any CPU
		{7AB54279-DBFC-4A2C-8D9C-7B6906AC8F22}.Debug|Any CPU.Build.0 = Debug|Any CPU
		{7AB54279-DBFC-4A2C-8D9C-7B6906AC8F22}.Release|Any CPU.ActiveCfg = Release|Any CPU
		{7AB54279-DBFC-4A2C-8D9C-7B6906AC8F22}.Release|Any CPU.Build.0 = Release|Any CPU
		{DAAD2D38-D260-412A-BD43-1CD75F28805B}.Debug|Any CPU.ActiveCfg = Debug|Any CPU
		{DAAD2D38-D260-412A-BD43-1CD75F28805B}.Debug|Any CPU.Build.0 = Debug|Any CPU
		{DAAD2D38-D260-412A-BD43-1CD75F28805B}.Release|Any CPU.ActiveCfg = Release|Any CPU
		{DAAD2D38-D260-412A-BD43-1CD75F28805B}.Release|Any CPU.Build.0 = Release|Any CPU
		{8707170D-2D2C-481A-B49C-36FEF4C08BFB}.Debug|Any CPU.ActiveCfg = Debug|Any CPU
		{8707170D-2D2C-481A-B49C-36FEF4C08BFB}.Debug|Any CPU.Build.0 = Debug|Any CPU
		{8707170D-2D2C-481A-B49C-36FEF4C08BFB}.Release|Any CPU.ActiveCfg = Release|Any CPU
		{8707170D-2D2C-481A-B49C-36FEF4C08BFB}.Release|Any CPU.Build.0 = Release|Any CPU
		{7831BDAA-B1AB-4A0B-B4DC-BD4609FFE5B6}.Debug|Any CPU.ActiveCfg = Debug|Any CPU
		{7831BDAA-B1AB-4A0B-B4DC-BD4609FFE5B6}.Debug|Any CPU.Build.0 = Debug|Any CPU
		{7831BDAA-B1AB-4A0B-B4DC-BD4609FFE5B6}.Release|Any CPU.ActiveCfg = Release|Any CPU
		{7831BDAA-B1AB-4A0B-B4DC-BD4609FFE5B6}.Release|Any CPU.Build.0 = Release|Any CPU
		{CCA3273F-9BA1-4B3D-8C58-0CB8487BFFBD}.Debug|Any CPU.ActiveCfg = Debug|Any CPU
		{CCA3273F-9BA1-4B3D-8C58-0CB8487BFFBD}.Debug|Any CPU.Build.0 = Debug|Any CPU
		{CCA3273F-9BA1-4B3D-8C58-0CB8487BFFBD}.Release|Any CPU.ActiveCfg = Release|Any CPU
		{CCA3273F-9BA1-4B3D-8C58-0CB8487BFFBD}.Release|Any CPU.Build.0 = Release|Any CPU
		{31B0A4E9-0124-4D45-836A-1D8904F700EB}.Debug|Any CPU.ActiveCfg = Debug|Any CPU
		{31B0A4E9-0124-4D45-836A-1D8904F700EB}.Debug|Any CPU.Build.0 = Debug|Any CPU
		{31B0A4E9-0124-4D45-836A-1D8904F700EB}.Release|Any CPU.ActiveCfg = Release|Any CPU
		{31B0A4E9-0124-4D45-836A-1D8904F700EB}.Release|Any CPU.Build.0 = Release|Any CPU
		{4F2ED315-86E6-4581-A2DA-912366FBE9F2}.Debug|Any CPU.ActiveCfg = Debug|Any CPU
		{4F2ED315-86E6-4581-A2DA-912366FBE9F2}.Debug|Any CPU.Build.0 = Debug|Any CPU
		{4F2ED315-86E6-4581-A2DA-912366FBE9F2}.Release|Any CPU.ActiveCfg = Release|Any CPU
		{4F2ED315-86E6-4581-A2DA-912366FBE9F2}.Release|Any CPU.Build.0 = Release|Any CPU
		{9899F714-6DFE-4BE2-9CE4-80B5C64F5025}.Debug|Any CPU.ActiveCfg = Debug|Any CPU
		{9899F714-6DFE-4BE2-9CE4-80B5C64F5025}.Debug|Any CPU.Build.0 = Debug|Any CPU
		{9899F714-6DFE-4BE2-9CE4-80B5C64F5025}.Release|Any CPU.ActiveCfg = Release|Any CPU
		{9899F714-6DFE-4BE2-9CE4-80B5C64F5025}.Release|Any CPU.Build.0 = Release|Any CPU
		{5FF05BC9-8234-4D2A-9D64-C0F3CA82DEC1}.Debug|Any CPU.ActiveCfg = Debug|Any CPU
		{5FF05BC9-8234-4D2A-9D64-C0F3CA82DEC1}.Debug|Any CPU.Build.0 = Debug|Any CPU
		{5FF05BC9-8234-4D2A-9D64-C0F3CA82DEC1}.Release|Any CPU.ActiveCfg = Release|Any CPU
		{5FF05BC9-8234-4D2A-9D64-C0F3CA82DEC1}.Release|Any CPU.Build.0 = Release|Any CPU
		{44C1BF4A-DFC2-471D-8141-A1512D00BE65}.Debug|Any CPU.ActiveCfg = Debug|Any CPU
		{44C1BF4A-DFC2-471D-8141-A1512D00BE65}.Debug|Any CPU.Build.0 = Debug|Any CPU
		{44C1BF4A-DFC2-471D-8141-A1512D00BE65}.Release|Any CPU.ActiveCfg = Release|Any CPU
		{44C1BF4A-DFC2-471D-8141-A1512D00BE65}.Release|Any CPU.Build.0 = Release|Any CPU
		{0650D711-ACA3-4BE9-87CC-9A5722C94CC5}.Debug|Any CPU.ActiveCfg = Debug|Any CPU
		{0650D711-ACA3-4BE9-87CC-9A5722C94CC5}.Debug|Any CPU.Build.0 = Debug|Any CPU
		{0650D711-ACA3-4BE9-87CC-9A5722C94CC5}.Release|Any CPU.ActiveCfg = Release|Any CPU
		{0650D711-ACA3-4BE9-87CC-9A5722C94CC5}.Release|Any CPU.Build.0 = Release|Any CPU
		{34FBF4A1-D891-42D6-9181-9AE5182ADDCC}.Debug|Any CPU.ActiveCfg = Debug|Any CPU
		{34FBF4A1-D891-42D6-9181-9AE5182ADDCC}.Debug|Any CPU.Build.0 = Debug|Any CPU
		{34FBF4A1-D891-42D6-9181-9AE5182ADDCC}.Release|Any CPU.ActiveCfg = Release|Any CPU
		{34FBF4A1-D891-42D6-9181-9AE5182ADDCC}.Release|Any CPU.Build.0 = Release|Any CPU
		{BB5EEBDC-2322-45E9-B65B-CA64CCC2DD9F}.Debug|Any CPU.ActiveCfg = Debug|Any CPU
		{BB5EEBDC-2322-45E9-B65B-CA64CCC2DD9F}.Debug|Any CPU.Build.0 = Debug|Any CPU
		{BB5EEBDC-2322-45E9-B65B-CA64CCC2DD9F}.Release|Any CPU.ActiveCfg = Release|Any CPU
		{BB5EEBDC-2322-45E9-B65B-CA64CCC2DD9F}.Release|Any CPU.Build.0 = Release|Any CPU
		{8A7E0952-E064-42AA-A9D4-2D2450AC6110}.Debug|Any CPU.ActiveCfg = Debug|Any CPU
		{8A7E0952-E064-42AA-A9D4-2D2450AC6110}.Debug|Any CPU.Build.0 = Debug|Any CPU
		{8A7E0952-E064-42AA-A9D4-2D2450AC6110}.Release|Any CPU.ActiveCfg = Release|Any CPU
		{8A7E0952-E064-42AA-A9D4-2D2450AC6110}.Release|Any CPU.Build.0 = Release|Any CPU
		{A1B2C07F-08D4-4A85-9310-2DB8A8C349FB}.Debug|Any CPU.ActiveCfg = Debug|Any CPU
		{A1B2C07F-08D4-4A85-9310-2DB8A8C349FB}.Debug|Any CPU.Build.0 = Debug|Any CPU
		{A1B2C07F-08D4-4A85-9310-2DB8A8C349FB}.Release|Any CPU.ActiveCfg = Release|Any CPU
		{A1B2C07F-08D4-4A85-9310-2DB8A8C349FB}.Release|Any CPU.Build.0 = Release|Any CPU
		{743F866B-3476-4686-9572-BF91B0E87604}.Debug|Any CPU.ActiveCfg = Debug|Any CPU
		{743F866B-3476-4686-9572-BF91B0E87604}.Debug|Any CPU.Build.0 = Debug|Any CPU
		{743F866B-3476-4686-9572-BF91B0E87604}.Release|Any CPU.ActiveCfg = Release|Any CPU
		{743F866B-3476-4686-9572-BF91B0E87604}.Release|Any CPU.Build.0 = Release|Any CPU
		{47EFA75A-2332-467B-9704-036B32189EB0}.Debug|Any CPU.ActiveCfg = Debug|Any CPU
		{47EFA75A-2332-467B-9704-036B32189EB0}.Debug|Any CPU.Build.0 = Debug|Any CPU
		{47EFA75A-2332-467B-9704-036B32189EB0}.Release|Any CPU.ActiveCfg = Release|Any CPU
		{47EFA75A-2332-467B-9704-036B32189EB0}.Release|Any CPU.Build.0 = Release|Any CPU
		{8B4D8913-315E-4319-AD15-44213C561138}.Debug|Any CPU.ActiveCfg = Debug|Any CPU
		{8B4D8913-315E-4319-AD15-44213C561138}.Debug|Any CPU.Build.0 = Debug|Any CPU
		{8B4D8913-315E-4319-AD15-44213C561138}.Release|Any CPU.ActiveCfg = Release|Any CPU
		{8B4D8913-315E-4319-AD15-44213C561138}.Release|Any CPU.Build.0 = Release|Any CPU
		{3B4ADC07-0CA3-4AE1-9B5F-5E3A31B59059}.Debug|Any CPU.ActiveCfg = Debug|Any CPU
		{3B4ADC07-0CA3-4AE1-9B5F-5E3A31B59059}.Debug|Any CPU.Build.0 = Debug|Any CPU
		{3B4ADC07-0CA3-4AE1-9B5F-5E3A31B59059}.Release|Any CPU.ActiveCfg = Release|Any CPU
		{3B4ADC07-0CA3-4AE1-9B5F-5E3A31B59059}.Release|Any CPU.Build.0 = Release|Any CPU
		{58A64BD2-8296-4CB5-B83A-388D131CA9A3}.Debug|Any CPU.ActiveCfg = Debug|Any CPU
		{58A64BD2-8296-4CB5-B83A-388D131CA9A3}.Debug|Any CPU.Build.0 = Debug|Any CPU
		{58A64BD2-8296-4CB5-B83A-388D131CA9A3}.Release|Any CPU.ActiveCfg = Release|Any CPU
		{58A64BD2-8296-4CB5-B83A-388D131CA9A3}.Release|Any CPU.Build.0 = Release|Any CPU
		{FAF4C297-E535-4BE9-8DD4-38FF36F9B464}.Debug|Any CPU.ActiveCfg = Debug|Any CPU
		{FAF4C297-E535-4BE9-8DD4-38FF36F9B464}.Debug|Any CPU.Build.0 = Debug|Any CPU
		{FAF4C297-E535-4BE9-8DD4-38FF36F9B464}.Release|Any CPU.ActiveCfg = Release|Any CPU
		{FAF4C297-E535-4BE9-8DD4-38FF36F9B464}.Release|Any CPU.Build.0 = Release|Any CPU
		{5C4DDE6D-3184-4231-B16D-CD9DBF510E11}.Debug|Any CPU.ActiveCfg = Debug|Any CPU
		{5C4DDE6D-3184-4231-B16D-CD9DBF510E11}.Debug|Any CPU.Build.0 = Debug|Any CPU
		{5C4DDE6D-3184-4231-B16D-CD9DBF510E11}.Release|Any CPU.ActiveCfg = Release|Any CPU
		{5C4DDE6D-3184-4231-B16D-CD9DBF510E11}.Release|Any CPU.Build.0 = Release|Any CPU
		{0FD5CDC2-410B-46B5-B9D1-90121D3819A1}.Debug|Any CPU.ActiveCfg = Debug|Any CPU
		{0FD5CDC2-410B-46B5-B9D1-90121D3819A1}.Debug|Any CPU.Build.0 = Debug|Any CPU
		{0FD5CDC2-410B-46B5-B9D1-90121D3819A1}.Release|Any CPU.ActiveCfg = Release|Any CPU
		{0FD5CDC2-410B-46B5-B9D1-90121D3819A1}.Release|Any CPU.Build.0 = Release|Any CPU
		{BFFDFF5F-4924-49FB-9AFE-0C58DED97B5A}.Debug|Any CPU.ActiveCfg = Debug|Any CPU
		{BFFDFF5F-4924-49FB-9AFE-0C58DED97B5A}.Debug|Any CPU.Build.0 = Debug|Any CPU
		{BFFDFF5F-4924-49FB-9AFE-0C58DED97B5A}.Release|Any CPU.ActiveCfg = Release|Any CPU
		{BFFDFF5F-4924-49FB-9AFE-0C58DED97B5A}.Release|Any CPU.Build.0 = Release|Any CPU
		{C0716ADD-5C4D-46AE-ADD3-39B3A7DE8570}.Debug|Any CPU.ActiveCfg = Debug|Any CPU
		{C0716ADD-5C4D-46AE-ADD3-39B3A7DE8570}.Debug|Any CPU.Build.0 = Debug|Any CPU
		{C0716ADD-5C4D-46AE-ADD3-39B3A7DE8570}.Release|Any CPU.ActiveCfg = Release|Any CPU
		{C0716ADD-5C4D-46AE-ADD3-39B3A7DE8570}.Release|Any CPU.Build.0 = Release|Any CPU
		{11BED391-45B6-4DF0-8816-C849D2954A74}.Debug|Any CPU.ActiveCfg = Debug|Any CPU
		{11BED391-45B6-4DF0-8816-C849D2954A74}.Debug|Any CPU.Build.0 = Debug|Any CPU
		{11BED391-45B6-4DF0-8816-C849D2954A74}.Release|Any CPU.ActiveCfg = Release|Any CPU
		{11BED391-45B6-4DF0-8816-C849D2954A74}.Release|Any CPU.Build.0 = Release|Any CPU
	EndGlobalSection
	GlobalSection(SolutionProperties) = preSolution
		HideSolutionNode = FALSE
	EndGlobalSection
	GlobalSection(ExtensibilityGlobals) = postSolution
		SolutionGuid = {C53D0B48-AEE9-4F61-9EBB-2DE2A447942F}
	EndGlobalSection
EndGlobal
